
Microsoft Visual Studio Solution File, Format Version 11.00
# Visual Studio 2010
Project("{F184B08F-C81C-45F6-A57F-5ABD9991F28F}") = "com.deuxhuithuit.ImageColorer.Console", "com.deuxhuithuit.ImageColorer.Console\com.deuxhuithuit.ImageColorer.Console.vbproj", "{3E9F0CCB-BABA-4093-9A1A-245382ACA518}"
EndProject
Project("{F184B08F-C81C-45F6-A57F-5ABD9991F28F}") = "com.deuxhuithuit.ImageColorer.Core", "com.deuxhuithuit.ImageColorer.Core\com.deuxhuithuit.ImageColorer.Core.vbproj", "{50B0DB00-434C-4566-BD3A-4E51DE5C13DF}"
EndProject
Project("{F184B08F-C81C-45F6-A57F-5ABD9991F28F}") = "com.deuxhuithuit.ImageColorer.WebApp", "com.deuxhuithuit.ImageColorer.WebApp\com.deuxhuithuit.ImageColorer.WebApp.vbproj", "{5BA5860E-8174-4A35-BA72-4172F6CF19FF}"
EndProject
Global
	GlobalSection(SolutionConfigurationPlatforms) = preSolution
		Debug|Any CPU = Debug|Any CPU
		Debug|Mixed Platforms = Debug|Mixed Platforms
		Debug|x86 = Debug|x86
		Release|Any CPU = Release|Any CPU
		Release|Mixed Platforms = Release|Mixed Platforms
		Release|x86 = Release|x86
	EndGlobalSection
	GlobalSection(ProjectConfigurationPlatforms) = postSolution
		{3E9F0CCB-BABA-4093-9A1A-245382ACA518}.Debug|Any CPU.ActiveCfg = Debug|x86
		{3E9F0CCB-BABA-4093-9A1A-245382ACA518}.Debug|Mixed Platforms.ActiveCfg = Debug|x86
		{3E9F0CCB-BABA-4093-9A1A-245382ACA518}.Debug|Mixed Platforms.Build.0 = Debug|x86
		{3E9F0CCB-BABA-4093-9A1A-245382ACA518}.Debug|x86.ActiveCfg = Debug|x86
		{3E9F0CCB-BABA-4093-9A1A-245382ACA518}.Debug|x86.Build.0 = Debug|x86
		{3E9F0CCB-BABA-4093-9A1A-245382ACA518}.Release|Any CPU.ActiveCfg = Release|x86
		{3E9F0CCB-BABA-4093-9A1A-245382ACA518}.Release|Mixed Platforms.ActiveCfg = Release|x86
		{3E9F0CCB-BABA-4093-9A1A-245382ACA518}.Release|Mixed Platforms.Build.0 = Release|x86
		{3E9F0CCB-BABA-4093-9A1A-245382ACA518}.Release|x86.ActiveCfg = Release|x86
		{3E9F0CCB-BABA-4093-9A1A-245382ACA518}.Release|x86.Build.0 = Release|x86
		{50B0DB00-434C-4566-BD3A-4E51DE5C13DF}.Debug|Any CPU.ActiveCfg = Debug|Any CPU
		{50B0DB00-434C-4566-BD3A-4E51DE5C13DF}.Debug|Any CPU.Build.0 = Debug|Any CPU
		{50B0DB00-434C-4566-BD3A-4E51DE5C13DF}.Debug|Mixed Platforms.ActiveCfg = Debug|Any CPU
		{50B0DB00-434C-4566-BD3A-4E51DE5C13DF}.Debug|Mixed Platforms.Build.0 = Debug|Any CPU
		{50B0DB00-434C-4566-BD3A-4E51DE5C13DF}.Debug|x86.ActiveCfg = Debug|Any CPU
		{50B0DB00-434C-4566-BD3A-4E51DE5C13DF}.Release|Any CPU.ActiveCfg = Release|Any CPU
		{50B0DB00-434C-4566-BD3A-4E51DE5C13DF}.Release|Any CPU.Build.0 = Release|Any CPU
		{50B0DB00-434C-4566-BD3A-4E51DE5C13DF}.Release|Mixed Platforms.ActiveCfg = Release|Any CPU
		{50B0DB00-434C-4566-BD3A-4E51DE5C13DF}.Release|Mixed Platforms.Build.0 = Release|Any CPU
		{50B0DB00-434C-4566-BD3A-4E51DE5C13DF}.Release|x86.ActiveCfg = Release|Any CPU
		{5BA5860E-8174-4A35-BA72-4172F6CF19FF}.Debug|Any CPU.ActiveCfg = Debug|Any CPU
		{5BA5860E-8174-4A35-BA72-4172F6CF19FF}.Debug|Any CPU.Build.0 = Debug|Any CPU
		{5BA5860E-8174-4A35-BA72-4172F6CF19FF}.Debug|Mixed Platforms.ActiveCfg = Debug|Any CPU
		{5BA5860E-8174-4A35-BA72-4172F6CF19FF}.Debug|Mixed Platforms.Build.0 = Debug|Any CPU
		{5BA5860E-8174-4A35-BA72-4172F6CF19FF}.Debug|x86.ActiveCfg = Debug|Any CPU
		{5BA5860E-8174-4A35-BA72-4172F6CF19FF}.Release|Any CPU.ActiveCfg = Release|Any CPU
		{5BA5860E-8174-4A35-BA72-4172F6CF19FF}.Release|Any CPU.Build.0 = Release|Any CPU
		{5BA5860E-8174-4A35-BA72-4172F6CF19FF}.Release|Mixed Platforms.ActiveCfg = Release|Any CPU
		{5BA5860E-8174-4A35-BA72-4172F6CF19FF}.Release|Mixed Platforms.Build.0 = Release|Any CPU
		{5BA5860E-8174-4A35-BA72-4172F6CF19FF}.Release|x86.ActiveCfg = Release|Any CPU
	EndGlobalSection
	GlobalSection(SolutionProperties) = preSolution
		HideSolutionNode = FALSE
	EndGlobalSection
EndGlobal
